// !$*UTF8*$!
{
	archiveVersion = 1;
	classes = {
	};
	objectVersion = 56;
	objects = {

/* Begin PBXBuildFile section */
		0A9D08712C99BC7E009E2069 /* AppDelegate.swift in Sources */ = {isa = PBXBuildFile; fileRef = 0A9D08702C99BC7E009E2069 /* AppDelegate.swift */; };
		0A9D08732C99BC7E009E2069 /* SceneDelegate.swift in Sources */ = {isa = PBXBuildFile; fileRef = 0A9D08722C99BC7E009E2069 /* SceneDelegate.swift */; };
		0A9D08752C99BC7E009E2069 /* ProductsViewController.swift in Sources */ = {isa = PBXBuildFile; fileRef = 0A9D08742C99BC7E009E2069 /* ProductsViewController.swift */; };
		0A9D087A2C99BC80009E2069 /* Assets.xcassets in Resources */ = {isa = PBXBuildFile; fileRef = 0A9D08792C99BC80009E2069 /* Assets.xcassets */; };
		0A9D087D2C99BC80009E2069 /* Base in Resources */ = {isa = PBXBuildFile; fileRef = 0A9D087C2C99BC80009E2069 /* Base */; };
		0A9D08882C99BC80009E2069 /* TransactionViewerTests.swift in Sources */ = {isa = PBXBuildFile; fileRef = 0A9D08872C99BC80009E2069 /* TransactionViewerTests.swift */; };
		0A9D08922C99BC80009E2069 /* TransactionViewerUITests.swift in Sources */ = {isa = PBXBuildFile; fileRef = 0A9D08912C99BC80009E2069 /* TransactionViewerUITests.swift */; };
		0A9D08942C99BC80009E2069 /* TransactionViewerUITestsLaunchTests.swift in Sources */ = {isa = PBXBuildFile; fileRef = 0A9D08932C99BC80009E2069 /* TransactionViewerUITestsLaunchTests.swift */; };
		0A9D08AF2C99D111009E2069 /* ProductsPresenter.swift in Sources */ = {isa = PBXBuildFile; fileRef = 0A9D08AE2C99D111009E2069 /* ProductsPresenter.swift */; };
		0A9D08B12C99D11C009E2069 /* ProductsModel.swift in Sources */ = {isa = PBXBuildFile; fileRef = 0A9D08B02C99D11C009E2069 /* ProductsModel.swift */; };
		0A9D08B32C99D580009E2069 /* transactions.plist in Resources */ = {isa = PBXBuildFile; fileRef = 0A9D08B22C99D580009E2069 /* transactions.plist */; };
		0A9D08B52C99D58A009E2069 /* rates.plist in Resources */ = {isa = PBXBuildFile; fileRef = 0A9D08B42C99D58A009E2069 /* rates.plist */; };
		0A9D08B72C99D60A009E2069 /* ProductsAssembly.swift in Sources */ = {isa = PBXBuildFile; fileRef = 0A9D08B62C99D60A009E2069 /* ProductsAssembly.swift */; };
		0A9D08B92C99D77E009E2069 /* RatesDTO.swift in Sources */ = {isa = PBXBuildFile; fileRef = 0A9D08B82C99D77E009E2069 /* RatesDTO.swift */; };
		0A9D08BB2C99E597009E2069 /* ProductsDTO.swift in Sources */ = {isa = PBXBuildFile; fileRef = 0A9D08BA2C99E597009E2069 /* ProductsDTO.swift */; };
		0A9D08BE2C99E816009E2069 /* ProductCell.swift in Sources */ = {isa = PBXBuildFile; fileRef = 0A9D08BD2C99E816009E2069 /* ProductCell.swift */; };
		0A9D08C12C99F466009E2069 /* Collection + Extensions.swift in Sources */ = {isa = PBXBuildFile; fileRef = 0A9D08C02C99F466009E2069 /* Collection + Extensions.swift */; };
/* End PBXBuildFile section */

/* Begin PBXContainerItemProxy section */
		0A9D08842C99BC80009E2069 /* PBXContainerItemProxy */ = {
			isa = PBXContainerItemProxy;
			containerPortal = 0A9D08652C99BC7E009E2069 /* Project object */;
			proxyType = 1;
			remoteGlobalIDString = 0A9D086C2C99BC7E009E2069;
			remoteInfo = TransactionViewer;
		};
		0A9D088E2C99BC80009E2069 /* PBXContainerItemProxy */ = {
			isa = PBXContainerItemProxy;
			containerPortal = 0A9D08652C99BC7E009E2069 /* Project object */;
			proxyType = 1;
			remoteGlobalIDString = 0A9D086C2C99BC7E009E2069;
			remoteInfo = TransactionViewer;
		};
/* End PBXContainerItemProxy section */

/* Begin PBXFileReference section */
		0A9D086D2C99BC7E009E2069 /* TransactionViewer.app */ = {isa = PBXFileReference; explicitFileType = wrapper.application; includeInIndex = 0; path = TransactionViewer.app; sourceTree = BUILT_PRODUCTS_DIR; };
		0A9D08702C99BC7E009E2069 /* AppDelegate.swift */ = {isa = PBXFileReference; lastKnownFileType = sourcecode.swift; path = AppDelegate.swift; sourceTree = "<group>"; };
		0A9D08722C99BC7E009E2069 /* SceneDelegate.swift */ = {isa = PBXFileReference; lastKnownFileType = sourcecode.swift; path = SceneDelegate.swift; sourceTree = "<group>"; };
		0A9D08742C99BC7E009E2069 /* ProductsViewController.swift */ = {isa = PBXFileReference; lastKnownFileType = sourcecode.swift; path = ProductsViewController.swift; sourceTree = "<group>"; };
		0A9D08792C99BC80009E2069 /* Assets.xcassets */ = {isa = PBXFileReference; lastKnownFileType = folder.assetcatalog; path = Assets.xcassets; sourceTree = "<group>"; };
		0A9D087C2C99BC80009E2069 /* Base */ = {isa = PBXFileReference; lastKnownFileType = file.storyboard; name = Base; path = Base.lproj/LaunchScreen.storyboard; sourceTree = "<group>"; };
		0A9D087E2C99BC80009E2069 /* Info.plist */ = {isa = PBXFileReference; lastKnownFileType = text.plist.xml; path = Info.plist; sourceTree = "<group>"; };
		0A9D08832C99BC80009E2069 /* TransactionViewerTests.xctest */ = {isa = PBXFileReference; explicitFileType = wrapper.cfbundle; includeInIndex = 0; path = TransactionViewerTests.xctest; sourceTree = BUILT_PRODUCTS_DIR; };
		0A9D08872C99BC80009E2069 /* TransactionViewerTests.swift */ = {isa = PBXFileReference; lastKnownFileType = sourcecode.swift; path = TransactionViewerTests.swift; sourceTree = "<group>"; };
		0A9D088D2C99BC80009E2069 /* TransactionViewerUITests.xctest */ = {isa = PBXFileReference; explicitFileType = wrapper.cfbundle; includeInIndex = 0; path = TransactionViewerUITests.xctest; sourceTree = BUILT_PRODUCTS_DIR; };
		0A9D08912C99BC80009E2069 /* TransactionViewerUITests.swift */ = {isa = PBXFileReference; lastKnownFileType = sourcecode.swift; path = TransactionViewerUITests.swift; sourceTree = "<group>"; };
		0A9D08932C99BC80009E2069 /* TransactionViewerUITestsLaunchTests.swift */ = {isa = PBXFileReference; lastKnownFileType = sourcecode.swift; path = TransactionViewerUITestsLaunchTests.swift; sourceTree = "<group>"; };
		0A9D08AE2C99D111009E2069 /* ProductsPresenter.swift */ = {isa = PBXFileReference; lastKnownFileType = sourcecode.swift; path = ProductsPresenter.swift; sourceTree = "<group>"; };
		0A9D08B02C99D11C009E2069 /* ProductsModel.swift */ = {isa = PBXFileReference; lastKnownFileType = sourcecode.swift; path = ProductsModel.swift; sourceTree = "<group>"; };
		0A9D08B22C99D580009E2069 /* transactions.plist */ = {isa = PBXFileReference; fileEncoding = 4; lastKnownFileType = text.plist.xml; path = transactions.plist; sourceTree = "<group>"; };
		0A9D08B42C99D58A009E2069 /* rates.plist */ = {isa = PBXFileReference; fileEncoding = 4; lastKnownFileType = text.plist.xml; path = rates.plist; sourceTree = "<group>"; };
		0A9D08B62C99D60A009E2069 /* ProductsAssembly.swift */ = {isa = PBXFileReference; lastKnownFileType = sourcecode.swift; path = ProductsAssembly.swift; sourceTree = "<group>"; };
		0A9D08B82C99D77E009E2069 /* RatesDTO.swift */ = {isa = PBXFileReference; lastKnownFileType = sourcecode.swift; path = RatesDTO.swift; sourceTree = "<group>"; };
		0A9D08BA2C99E597009E2069 /* ProductsDTO.swift */ = {isa = PBXFileReference; lastKnownFileType = sourcecode.swift; path = ProductsDTO.swift; sourceTree = "<group>"; };
		0A9D08BD2C99E816009E2069 /* ProductCell.swift */ = {isa = PBXFileReference; lastKnownFileType = sourcecode.swift; path = ProductCell.swift; sourceTree = "<group>"; };
		0A9D08C02C99F466009E2069 /* Collection + Extensions.swift */ = {isa = PBXFileReference; lastKnownFileType = sourcecode.swift; path = "Collection + Extensions.swift"; sourceTree = "<group>"; };
/* End PBXFileReference section */

/* Begin PBXFrameworksBuildPhase section */
		0A9D086A2C99BC7E009E2069 /* Frameworks */ = {
			isa = PBXFrameworksBuildPhase;
			buildActionMask = 2147483647;
			files = (
			);
			runOnlyForDeploymentPostprocessing = 0;
		};
		0A9D08802C99BC80009E2069 /* Frameworks */ = {
			isa = PBXFrameworksBuildPhase;
			buildActionMask = 2147483647;
			files = (
			);
			runOnlyForDeploymentPostprocessing = 0;
		};
		0A9D088A2C99BC80009E2069 /* Frameworks */ = {
			isa = PBXFrameworksBuildPhase;
			buildActionMask = 2147483647;
			files = (
			);
			runOnlyForDeploymentPostprocessing = 0;
		};
/* End PBXFrameworksBuildPhase section */

/* Begin PBXGroup section */
		0A9D08642C99BC7E009E2069 = {
			isa = PBXGroup;
			children = (
				0A9D086F2C99BC7E009E2069 /* TransactionViewer */,
				0A9D08862C99BC80009E2069 /* TransactionViewerTests */,
				0A9D08902C99BC80009E2069 /* TransactionViewerUITests */,
				0A9D086E2C99BC7E009E2069 /* Products */,
			);
			sourceTree = "<group>";
		};
		0A9D086E2C99BC7E009E2069 /* Products */ = {
			isa = PBXGroup;
			children = (
				0A9D086D2C99BC7E009E2069 /* TransactionViewer.app */,
				0A9D08832C99BC80009E2069 /* TransactionViewerTests.xctest */,
				0A9D088D2C99BC80009E2069 /* TransactionViewerUITests.xctest */,
			);
			name = Products;
			sourceTree = "<group>";
		};
		0A9D086F2C99BC7E009E2069 /* TransactionViewer */ = {
			isa = PBXGroup;
			children = (
				0A9D08B42C99D58A009E2069 /* rates.plist */,
				0A9D08B22C99D580009E2069 /* transactions.plist */,
				0A9D08BF2C99F438009E2069 /* Utilities */,
				0A9D08A82C99CFE9009E2069 /* Modules */,
				0A9D08702C99BC7E009E2069 /* AppDelegate.swift */,
				0A9D08722C99BC7E009E2069 /* SceneDelegate.swift */,
				0A9D08792C99BC80009E2069 /* Assets.xcassets */,
				0A9D087B2C99BC80009E2069 /* LaunchScreen.storyboard */,
				0A9D087E2C99BC80009E2069 /* Info.plist */,
			);
			path = TransactionViewer;
			sourceTree = "<group>";
		};
		0A9D08862C99BC80009E2069 /* TransactionViewerTests */ = {
			isa = PBXGroup;
			children = (
				0A9D08872C99BC80009E2069 /* TransactionViewerTests.swift */,
			);
			path = TransactionViewerTests;
			sourceTree = "<group>";
		};
		0A9D08902C99BC80009E2069 /* TransactionViewerUITests */ = {
			isa = PBXGroup;
			children = (
				0A9D08912C99BC80009E2069 /* TransactionViewerUITests.swift */,
				0A9D08932C99BC80009E2069 /* TransactionViewerUITestsLaunchTests.swift */,
			);
			path = TransactionViewerUITests;
			sourceTree = "<group>";
		};
		0A9D08A82C99CFE9009E2069 /* Modules */ = {
			isa = PBXGroup;
			children = (
				0A9D08A92C99D009009E2069 /* Products */,
				0A9D08AA2C99D013009E2069 /* ProductsDetails */,
				0A9D08BA2C99E597009E2069 /* ProductsDTO.swift */,
				0A9D08B82C99D77E009E2069 /* RatesDTO.swift */,
			);
			path = Modules;
			sourceTree = "<group>";
		};
		0A9D08A92C99D009009E2069 /* Products */ = {
			isa = PBXGroup;
			children = (
				0A9D08BC2C99E7FD009E2069 /* ProductCell */,
				0A9D08B02C99D11C009E2069 /* ProductsModel.swift */,
				0A9D08742C99BC7E009E2069 /* ProductsViewController.swift */,
				0A9D08AE2C99D111009E2069 /* ProductsPresenter.swift */,
				0A9D08B62C99D60A009E2069 /* ProductsAssembly.swift */,
			);
			path = Products;
			sourceTree = "<group>";
		};
		0A9D08AA2C99D013009E2069 /* ProductsDetails */ = {
			isa = PBXGroup;
			children = (
			);
			path = ProductsDetails;
			sourceTree = "<group>";
		};
		0A9D08BC2C99E7FD009E2069 /* ProductCell */ = {
			isa = PBXGroup;
			children = (
				0A9D08BD2C99E816009E2069 /* ProductCell.swift */,
			);
			path = ProductCell;
			sourceTree = "<group>";
		};
		0A9D08BF2C99F438009E2069 /* Utilities */ = {
			isa = PBXGroup;
			children = (
				0A9D08C02C99F466009E2069 /* Collection + Extensions.swift */,
			);
			path = Utilities;
			sourceTree = "<group>";
		};
/* End PBXGroup section */

/* Begin PBXNativeTarget section */
		0A9D086C2C99BC7E009E2069 /* TransactionViewer */ = {
			isa = PBXNativeTarget;
			buildConfigurationList = 0A9D08972C99BC80009E2069 /* Build configuration list for PBXNativeTarget "TransactionViewer" */;
			buildPhases = (
				0A9D08692C99BC7E009E2069 /* Sources */,
				0A9D086A2C99BC7E009E2069 /* Frameworks */,
				0A9D086B2C99BC7E009E2069 /* Resources */,
			);
			buildRules = (
			);
			dependencies = (
			);
			name = TransactionViewer;
			productName = TransactionViewer;
			productReference = 0A9D086D2C99BC7E009E2069 /* TransactionViewer.app */;
			productType = "com.apple.product-type.application";
		};
		0A9D08822C99BC80009E2069 /* TransactionViewerTests */ = {
			isa = PBXNativeTarget;
			buildConfigurationList = 0A9D089A2C99BC80009E2069 /* Build configuration list for PBXNativeTarget "TransactionViewerTests" */;
			buildPhases = (
				0A9D087F2C99BC80009E2069 /* Sources */,
				0A9D08802C99BC80009E2069 /* Frameworks */,
				0A9D08812C99BC80009E2069 /* Resources */,
			);
			buildRules = (
			);
			dependencies = (
				0A9D08852C99BC80009E2069 /* PBXTargetDependency */,
			);
			name = TransactionViewerTests;
			productName = TransactionViewerTests;
			productReference = 0A9D08832C99BC80009E2069 /* TransactionViewerTests.xctest */;
			productType = "com.apple.product-type.bundle.unit-test";
		};
		0A9D088C2C99BC80009E2069 /* TransactionViewerUITests */ = {
			isa = PBXNativeTarget;
			buildConfigurationList = 0A9D089D2C99BC80009E2069 /* Build configuration list for PBXNativeTarget "TransactionViewerUITests" */;
			buildPhases = (
				0A9D08892C99BC80009E2069 /* Sources */,
				0A9D088A2C99BC80009E2069 /* Frameworks */,
				0A9D088B2C99BC80009E2069 /* Resources */,
			);
			buildRules = (
			);
			dependencies = (
				0A9D088F2C99BC80009E2069 /* PBXTargetDependency */,
			);
			name = TransactionViewerUITests;
			productName = TransactionViewerUITests;
			productReference = 0A9D088D2C99BC80009E2069 /* TransactionViewerUITests.xctest */;
			productType = "com.apple.product-type.bundle.ui-testing";
		};
/* End PBXNativeTarget section */

/* Begin PBXProject section */
		0A9D08652C99BC7E009E2069 /* Project object */ = {
			isa = PBXProject;
			attributes = {
				BuildIndependentTargetsInParallel = 1;
				LastSwiftUpdateCheck = 1540;
				LastUpgradeCheck = 1540;
				TargetAttributes = {
					0A9D086C2C99BC7E009E2069 = {
						CreatedOnToolsVersion = 15.4;
					};
					0A9D08822C99BC80009E2069 = {
						CreatedOnToolsVersion = 15.4;
						TestTargetID = 0A9D086C2C99BC7E009E2069;
					};
					0A9D088C2C99BC80009E2069 = {
						CreatedOnToolsVersion = 15.4;
						TestTargetID = 0A9D086C2C99BC7E009E2069;
					};
				};
			};
			buildConfigurationList = 0A9D08682C99BC7E009E2069 /* Build configuration list for PBXProject "TransactionViewer" */;
			compatibilityVersion = "Xcode 14.0";
			developmentRegion = en;
			hasScannedForEncodings = 0;
			knownRegions = (
				en,
				Base,
			);
			mainGroup = 0A9D08642C99BC7E009E2069;
			productRefGroup = 0A9D086E2C99BC7E009E2069 /* Products */;
			projectDirPath = "";
			projectRoot = "";
			targets = (
				0A9D086C2C99BC7E009E2069 /* TransactionViewer */,
				0A9D08822C99BC80009E2069 /* TransactionViewerTests */,
				0A9D088C2C99BC80009E2069 /* TransactionViewerUITests */,
			);
		};
/* End PBXProject section */

/* Begin PBXResourcesBuildPhase section */
		0A9D086B2C99BC7E009E2069 /* Resources */ = {
			isa = PBXResourcesBuildPhase;
			buildActionMask = 2147483647;
			files = (
				0A9D08B52C99D58A009E2069 /* rates.plist in Resources */,
				0A9D087A2C99BC80009E2069 /* Assets.xcassets in Resources */,
				0A9D087D2C99BC80009E2069 /* Base in Resources */,
				0A9D08B32C99D580009E2069 /* transactions.plist in Resources */,
			);
			runOnlyForDeploymentPostprocessing = 0;
		};
		0A9D08812C99BC80009E2069 /* Resources */ = {
			isa = PBXResourcesBuildPhase;
			buildActionMask = 2147483647;
			files = (
			);
			runOnlyForDeploymentPostprocessing = 0;
		};
		0A9D088B2C99BC80009E2069 /* Resources */ = {
			isa = PBXResourcesBuildPhase;
			buildActionMask = 2147483647;
			files = (
			);
			runOnlyForDeploymentPostprocessing = 0;
		};
/* End PBXResourcesBuildPhase section */

/* Begin PBXSourcesBuildPhase section */
		0A9D08692C99BC7E009E2069 /* Sources */ = {
			isa = PBXSourcesBuildPhase;
			buildActionMask = 2147483647;
			files = (
				0A9D08752C99BC7E009E2069 /* ProductsViewController.swift in Sources */,
				0A9D08B12C99D11C009E2069 /* ProductsModel.swift in Sources */,
				0A9D08712C99BC7E009E2069 /* AppDelegate.swift in Sources */,
				0A9D08AF2C99D111009E2069 /* ProductsPresenter.swift in Sources */,
				0A9D08B92C99D77E009E2069 /* RatesDTO.swift in Sources */,
				0A9D08732C99BC7E009E2069 /* SceneDelegate.swift in Sources */,
				0A9D08BE2C99E816009E2069 /* ProductCell.swift in Sources */,
				0A9D08B72C99D60A009E2069 /* ProductsAssembly.swift in Sources */,
				0A9D08BB2C99E597009E2069 /* ProductsDTO.swift in Sources */,
				0A9D08C12C99F466009E2069 /* Collection + Extensions.swift in Sources */,
			);
			runOnlyForDeploymentPostprocessing = 0;
		};
		0A9D087F2C99BC80009E2069 /* Sources */ = {
			isa = PBXSourcesBuildPhase;
			buildActionMask = 2147483647;
			files = (
				0A9D08882C99BC80009E2069 /* TransactionViewerTests.swift in Sources */,
			);
			runOnlyForDeploymentPostprocessing = 0;
		};
		0A9D08892C99BC80009E2069 /* Sources */ = {
			isa = PBXSourcesBuildPhase;
			buildActionMask = 2147483647;
			files = (
				0A9D08922C99BC80009E2069 /* TransactionViewerUITests.swift in Sources */,
				0A9D08942C99BC80009E2069 /* TransactionViewerUITestsLaunchTests.swift in Sources */,
			);
			runOnlyForDeploymentPostprocessing = 0;
		};
/* End PBXSourcesBuildPhase section */

/* Begin PBXTargetDependency section */
		0A9D08852C99BC80009E2069 /* PBXTargetDependency */ = {
			isa = PBXTargetDependency;
			target = 0A9D086C2C99BC7E009E2069 /* TransactionViewer */;
			targetProxy = 0A9D08842C99BC80009E2069 /* PBXContainerItemProxy */;
		};
		0A9D088F2C99BC80009E2069 /* PBXTargetDependency */ = {
			isa = PBXTargetDependency;
			target = 0A9D086C2C99BC7E009E2069 /* TransactionViewer */;
			targetProxy = 0A9D088E2C99BC80009E2069 /* PBXContainerItemProxy */;
		};
/* End PBXTargetDependency section */

/* Begin PBXVariantGroup section */
		0A9D087B2C99BC80009E2069 /* LaunchScreen.storyboard */ = {
			isa = PBXVariantGroup;
			children = (
				0A9D087C2C99BC80009E2069 /* Base */,
			);
			name = LaunchScreen.storyboard;
			sourceTree = "<group>";
		};
/* End PBXVariantGroup section */

/* Begin XCBuildConfiguration section */
		0A9D08952C99BC80009E2069 /* Debug */ = {
			isa = XCBuildConfiguration;
			buildSettings = {
				ALWAYS_SEARCH_USER_PATHS = NO;
				ASSETCATALOG_COMPILER_GENERATE_SWIFT_ASSET_SYMBOL_EXTENSIONS = YES;
				CLANG_ANALYZER_NONNULL = YES;
				CLANG_ANALYZER_NUMBER_OBJECT_CONVERSION = YES_AGGRESSIVE;
				CLANG_CXX_LANGUAGE_STANDARD = "gnu++20";
				CLANG_ENABLE_MODULES = YES;
				CLANG_ENABLE_OBJC_ARC = YES;
				CLANG_ENABLE_OBJC_WEAK = YES;
				CLANG_WARN_BLOCK_CAPTURE_AUTORELEASING = YES;
				CLANG_WARN_BOOL_CONVERSION = YES;
				CLANG_WARN_COMMA = YES;
				CLANG_WARN_CONSTANT_CONVERSION = YES;
				CLANG_WARN_DEPRECATED_OBJC_IMPLEMENTATIONS = YES;
				CLANG_WARN_DIRECT_OBJC_ISA_USAGE = YES_ERROR;
				CLANG_WARN_DOCUMENTATION_COMMENTS = YES;
				CLANG_WARN_EMPTY_BODY = YES;
				CLANG_WARN_ENUM_CONVERSION = YES;
				CLANG_WARN_INFINITE_RECURSION = YES;
				CLANG_WARN_INT_CONVERSION = YES;
				CLANG_WARN_NON_LITERAL_NULL_CONVERSION = YES;
				CLANG_WARN_OBJC_IMPLICIT_RETAIN_SELF = YES;
				CLANG_WARN_OBJC_LITERAL_CONVERSION = YES;
				CLANG_WARN_OBJC_ROOT_CLASS = YES_ERROR;
				CLANG_WARN_QUOTED_INCLUDE_IN_FRAMEWORK_HEADER = YES;
				CLANG_WARN_RANGE_LOOP_ANALYSIS = YES;
				CLANG_WARN_STRICT_PROTOTYPES = YES;
				CLANG_WARN_SUSPICIOUS_MOVE = YES;
				CLANG_WARN_UNGUARDED_AVAILABILITY = YES_AGGRESSIVE;
				CLANG_WARN_UNREACHABLE_CODE = YES;
				CLANG_WARN__DUPLICATE_METHOD_MATCH = YES;
				COPY_PHASE_STRIP = NO;
				DEBUG_INFORMATION_FORMAT = dwarf;
				ENABLE_STRICT_OBJC_MSGSEND = YES;
				ENABLE_TESTABILITY = YES;
				ENABLE_USER_SCRIPT_SANDBOXING = YES;
				GCC_C_LANGUAGE_STANDARD = gnu17;
				GCC_DYNAMIC_NO_PIC = NO;
				GCC_NO_COMMON_BLOCKS = YES;
				GCC_OPTIMIZATION_LEVEL = 0;
				GCC_PREPROCESSOR_DEFINITIONS = (
					"DEBUG=1",
					"$(inherited)",
				);
				GCC_WARN_64_TO_32_BIT_CONVERSION = YES;
				GCC_WARN_ABOUT_RETURN_TYPE = YES_ERROR;
				GCC_WARN_UNDECLARED_SELECTOR = YES;
				GCC_WARN_UNINITIALIZED_AUTOS = YES_AGGRESSIVE;
				GCC_WARN_UNUSED_FUNCTION = YES;
				GCC_WARN_UNUSED_VARIABLE = YES;
				IPHONEOS_DEPLOYMENT_TARGET = 17.5;
				LOCALIZATION_PREFERS_STRING_CATALOGS = YES;
				MTL_ENABLE_DEBUG_INFO = INCLUDE_SOURCE;
				MTL_FAST_MATH = YES;
				ONLY_ACTIVE_ARCH = YES;
				SDKROOT = iphoneos;
				SWIFT_ACTIVE_COMPILATION_CONDITIONS = "DEBUG $(inherited)";
				SWIFT_OPTIMIZATION_LEVEL = "-Onone";
			};
			name = Debug;
		};
		0A9D08962C99BC80009E2069 /* Release */ = {
			isa = XCBuildConfiguration;
			buildSettings = {
				ALWAYS_SEARCH_USER_PATHS = NO;
				ASSETCATALOG_COMPILER_GENERATE_SWIFT_ASSET_SYMBOL_EXTENSIONS = YES;
				CLANG_ANALYZER_NONNULL = YES;
				CLANG_ANALYZER_NUMBER_OBJECT_CONVERSION = YES_AGGRESSIVE;
				CLANG_CXX_LANGUAGE_STANDARD = "gnu++20";
				CLANG_ENABLE_MODULES = YES;
				CLANG_ENABLE_OBJC_ARC = YES;
				CLANG_ENABLE_OBJC_WEAK = YES;
				CLANG_WARN_BLOCK_CAPTURE_AUTORELEASING = YES;
				CLANG_WARN_BOOL_CONVERSION = YES;
				CLANG_WARN_COMMA = YES;
				CLANG_WARN_CONSTANT_CONVERSION = YES;
				CLANG_WARN_DEPRECATED_OBJC_IMPLEMENTATIONS = YES;
				CLANG_WARN_DIRECT_OBJC_ISA_USAGE = YES_ERROR;
				CLANG_WARN_DOCUMENTATION_COMMENTS = YES;
				CLANG_WARN_EMPTY_BODY = YES;
				CLANG_WARN_ENUM_CONVERSION = YES;
				CLANG_WARN_INFINITE_RECURSION = YES;
				CLANG_WARN_INT_CONVERSION = YES;
				CLANG_WARN_NON_LITERAL_NULL_CONVERSION = YES;
				CLANG_WARN_OBJC_IMPLICIT_RETAIN_SELF = YES;
				CLANG_WARN_OBJC_LITERAL_CONVERSION = YES;
				CLANG_WARN_OBJC_ROOT_CLASS = YES_ERROR;
				CLANG_WARN_QUOTED_INCLUDE_IN_FRAMEWORK_HEADER = YES;
				CLANG_WARN_RANGE_LOOP_ANALYSIS = YES;
				CLANG_WARN_STRICT_PROTOTYPES = YES;
				CLANG_WARN_SUSPICIOUS_MOVE = YES;
				CLANG_WARN_UNGUARDED_AVAILABILITY = YES_AGGRESSIVE;
				CLANG_WARN_UNREACHABLE_CODE = YES;
				CLANG_WARN__DUPLICATE_METHOD_MATCH = YES;
				COPY_PHASE_STRIP = NO;
				DEBUG_INFORMATION_FORMAT = "dwarf-with-dsym";
				ENABLE_NS_ASSERTIONS = NO;
				ENABLE_STRICT_OBJC_MSGSEND = YES;
				ENABLE_USER_SCRIPT_SANDBOXING = YES;
				GCC_C_LANGUAGE_STANDARD = gnu17;
				GCC_NO_COMMON_BLOCKS = YES;
				GCC_WARN_64_TO_32_BIT_CONVERSION = YES;
				GCC_WARN_ABOUT_RETURN_TYPE = YES_ERROR;
				GCC_WARN_UNDECLARED_SELECTOR = YES;
				GCC_WARN_UNINITIALIZED_AUTOS = YES_AGGRESSIVE;
				GCC_WARN_UNUSED_FUNCTION = YES;
				GCC_WARN_UNUSED_VARIABLE = YES;
				IPHONEOS_DEPLOYMENT_TARGET = 17.5;
				LOCALIZATION_PREFERS_STRING_CATALOGS = YES;
				MTL_ENABLE_DEBUG_INFO = NO;
				MTL_FAST_MATH = YES;
				SDKROOT = iphoneos;
				SWIFT_COMPILATION_MODE = wholemodule;
				VALIDATE_PRODUCT = YES;
			};
			name = Release;
		};
		0A9D08982C99BC80009E2069 /* Debug */ = {
			isa = XCBuildConfiguration;
			buildSettings = {
				ASSETCATALOG_COMPILER_APPICON_NAME = AppIcon;
				ASSETCATALOG_COMPILER_GLOBAL_ACCENT_COLOR_NAME = AccentColor;
				CODE_SIGN_STYLE = Automatic;
				CURRENT_PROJECT_VERSION = 1;
				GENERATE_INFOPLIST_FILE = YES;
				INFOPLIST_FILE = TransactionViewer/Info.plist;
				INFOPLIST_KEY_UIApplicationSupportsIndirectInputEvents = YES;
				INFOPLIST_KEY_UILaunchStoryboardName = LaunchScreen;
				INFOPLIST_KEY_UISupportedInterfaceOrientations_iPad = "UIInterfaceOrientationPortrait UIInterfaceOrientationPortraitUpsideDown UIInterfaceOrientationLandscapeLeft UIInterfaceOrientationLandscapeRight";
				INFOPLIST_KEY_UISupportedInterfaceOrientations_iPhone = "UIInterfaceOrientationPortrait UIInterfaceOrientationLandscapeLeft UIInterfaceOrientationLandscapeRight";
				LD_RUNPATH_SEARCH_PATHS = (
					"$(inherited)",
					"@executable_path/Frameworks",
				);
				MARKETING_VERSION = 1.0;
				PRODUCT_BUNDLE_IDENTIFIER = lipatov.app.TransactionViewer;
				PRODUCT_NAME = "$(TARGET_NAME)";
				SWIFT_EMIT_LOC_STRINGS = YES;
				SWIFT_VERSION = 5.0;
				TARGETED_DEVICE_FAMILY = "1,2";
			};
			name = Debug;
		};
		0A9D08992C99BC80009E2069 /* Release */ = {
			isa = XCBuildConfiguration;
			buildSettings = {
				ASSETCATALOG_COMPILER_APPICON_NAME = AppIcon;
				ASSETCATALOG_COMPILER_GLOBAL_ACCENT_COLOR_NAME = AccentColor;
				CODE_SIGN_STYLE = Automatic;
				CURRENT_PROJECT_VERSION = 1;
				GENERATE_INFOPLIST_FILE = YES;
				INFOPLIST_FILE = TransactionViewer/Info.plist;
				INFOPLIST_KEY_UIApplicationSupportsIndirectInputEvents = YES;
				INFOPLIST_KEY_UILaunchStoryboardName = LaunchScreen;
				INFOPLIST_KEY_UISupportedInterfaceOrientations_iPad = "UIInterfaceOrientationPortrait UIInterfaceOrientationPortraitUpsideDown UIInterfaceOrientationLandscapeLeft UIInterfaceOrientationLandscapeRight";
				INFOPLIST_KEY_UISupportedInterfaceOrientations_iPhone = "UIInterfaceOrientationPortrait UIInterfaceOrientationLandscapeLeft UIInterfaceOrientationLandscapeRight";
				LD_RUNPATH_SEARCH_PATHS = (
					"$(inherited)",
					"@executable_path/Frameworks",
				);
				MARKETING_VERSION = 1.0;
				PRODUCT_BUNDLE_IDENTIFIER = lipatov.app.TransactionViewer;
				PRODUCT_NAME = "$(TARGET_NAME)";
				SWIFT_EMIT_LOC_STRINGS = YES;
				SWIFT_VERSION = 5.0;
				TARGETED_DEVICE_FAMILY = "1,2";
			};
			name = Release;
		};
		0A9D089B2C99BC80009E2069 /* Debug */ = {
			isa = XCBuildConfiguration;
			buildSettings = {
				ALWAYS_EMBED_SWIFT_STANDARD_LIBRARIES = YES;
				BUNDLE_LOADER = "$(TEST_HOST)";
				CODE_SIGN_STYLE = Automatic;
				CURRENT_PROJECT_VERSION = 1;
				GENERATE_INFOPLIST_FILE = YES;
				IPHONEOS_DEPLOYMENT_TARGET = 17.5;
				MARKETING_VERSION = 1.0;
				PRODUCT_BUNDLE_IDENTIFIER = lipatov.app.TransactionViewerTests;
				PRODUCT_NAME = "$(TARGET_NAME)";
				SWIFT_EMIT_LOC_STRINGS = NO;
				SWIFT_VERSION = 5.0;
				TARGETED_DEVICE_FAMILY = "1,2";
				TEST_HOST = "$(BUILT_PRODUCTS_DIR)/TransactionViewer.app/$(BUNDLE_EXECUTABLE_FOLDER_PATH)/TransactionViewer";
			};
			name = Debug;
		};
		0A9D089C2C99BC80009E2069 /* Release */ = {
			isa = XCBuildConfiguration;
			buildSettings = {
				ALWAYS_EMBED_SWIFT_STANDARD_LIBRARIES = YES;
				BUNDLE_LOADER = "$(TEST_HOST)";
				CODE_SIGN_STYLE = Automatic;
				CURRENT_PROJECT_VERSION = 1;
				GENERATE_INFOPLIST_FILE = YES;
				IPHONEOS_DEPLOYMENT_TARGET = 17.5;
				MARKETING_VERSION = 1.0;
				PRODUCT_BUNDLE_IDENTIFIER = lipatov.app.TransactionViewerTests;
				PRODUCT_NAME = "$(TARGET_NAME)";
				SWIFT_EMIT_LOC_STRINGS = NO;
				SWIFT_VERSION = 5.0;
				TARGETED_DEVICE_FAMILY = "1,2";
				TEST_HOST = "$(BUILT_PRODUCTS_DIR)/TransactionViewer.app/$(BUNDLE_EXECUTABLE_FOLDER_PATH)/TransactionViewer";
			};
			name = Release;
		};
		0A9D089E2C99BC80009E2069 /* Debug */ = {
			isa = XCBuildConfiguration;
			buildSettings = {
				ALWAYS_EMBED_SWIFT_STANDARD_LIBRARIES = YES;
				CODE_SIGN_STYLE = Automatic;
				CURRENT_PROJECT_VERSION = 1;
				GENERATE_INFOPLIST_FILE = YES;
				MARKETING_VERSION = 1.0;
				PRODUCT_BUNDLE_IDENTIFIER = lipatov.app.TransactionViewerUITests;
				PRODUCT_NAME = "$(TARGET_NAME)";
				SWIFT_EMIT_LOC_STRINGS = NO;
				SWIFT_VERSION = 5.0;
				TARGETED_DEVICE_FAMILY = "1,2";
				TEST_TARGET_NAME = TransactionViewer;
			};
			name = Debug;
		};
		0A9D089F2C99BC80009E2069 /* Release */ = {
			isa = XCBuildConfiguration;
			buildSettings = {
				ALWAYS_EMBED_SWIFT_STANDARD_LIBRARIES = YES;
				CODE_SIGN_STYLE = Automatic;
				CURRENT_PROJECT_VERSION = 1;
				GENERATE_INFOPLIST_FILE = YES;
				MARKETING_VERSION = 1.0;
				PRODUCT_BUNDLE_IDENTIFIER = lipatov.app.TransactionViewerUITests;
				PRODUCT_NAME = "$(TARGET_NAME)";
				SWIFT_EMIT_LOC_STRINGS = NO;
				SWIFT_VERSION = 5.0;
				TARGETED_DEVICE_FAMILY = "1,2";
				TEST_TARGET_NAME = TransactionViewer;
			};
			name = Release;
		};
/* End XCBuildConfiguration section */

/* Begin XCConfigurationList section */
		0A9D08682C99BC7E009E2069 /* Build configuration list for PBXProject "TransactionViewer" */ = {
			isa = XCConfigurationList;
			buildConfigurations = (
				0A9D08952C99BC80009E2069 /* Debug */,
				0A9D08962C99BC80009E2069 /* Release */,
			);
			defaultConfigurationIsVisible = 0;
			defaultConfigurationName = Release;
		};
		0A9D08972C99BC80009E2069 /* Build configuration list for PBXNativeTarget "TransactionViewer" */ = {
			isa = XCConfigurationList;
			buildConfigurations = (
				0A9D08982C99BC80009E2069 /* Debug */,
				0A9D08992C99BC80009E2069 /* Release */,
			);
			defaultConfigurationIsVisible = 0;
			defaultConfigurationName = Release;
		};
		0A9D089A2C99BC80009E2069 /* Build configuration list for PBXNativeTarget "TransactionViewerTests" */ = {
			isa = XCConfigurationList;
			buildConfigurations = (
				0A9D089B2C99BC80009E2069 /* Debug */,
				0A9D089C2C99BC80009E2069 /* Release */,
			);
			defaultConfigurationIsVisible = 0;
			defaultConfigurationName = Release;
		};
		0A9D089D2C99BC80009E2069 /* Build configuration list for PBXNativeTarget "TransactionViewerUITests" */ = {
			isa = XCConfigurationList;
			buildConfigurations = (
				0A9D089E2C99BC80009E2069 /* Debug */,
				0A9D089F2C99BC80009E2069 /* Release */,
			);
			defaultConfigurationIsVisible = 0;
			defaultConfigurationName = Release;
		};
/* End XCConfigurationList section */
	};
	rootObject = 0A9D08652C99BC7E009E2069 /* Project object */;
}
